# THIS IS AN AUTOGENERATED FILE. DO NOT EDIT THIS FILE DIRECTLY.
# yarn lockfile v1


"@esbuild/darwin-arm64@0.21.5":
  version "0.21.5"
  resolved "https://registry.npmjs.org/@esbuild/darwin-arm64/-/darwin-arm64-0.21.5.tgz"
  integrity sha512-DwqXqZyuk5AiWWf3UfLiRDJ5EDd49zg6O9wclZ7kUMv2WRFr4HKjXp/5t8JZ11QbQfUS6/cRCKGwYhtNAY88kQ==

"@rollup/pluginutils@^5.1.0":
  version "5.1.3"
  resolved "https://registry.npmjs.org/@rollup/pluginutils/-/pluginutils-5.1.3.tgz"
  integrity sha512-Pnsb6f32CD2W3uCaLZIzDmeFyQ2b8UWMFI7xtwUezpcGBDVDW6y9XgAWIlARiGAo6eNF5FK5aQTr0LFyNyqq5A==
  dependencies:
    "@types/estree" "^1.0.0"
    estree-walker "^2.0.2"
    picomatch "^4.0.2"

"@rollup/rollup-darwin-arm64@4.27.4":
  version "4.27.4"
  resolved "https://registry.npmjs.org/@rollup/rollup-darwin-arm64/-/rollup-darwin-arm64-4.27.4.tgz"
  integrity sha512-PlNiRQapift4LNS8DPUHuDX/IdXiLjf8mc5vdEmUR0fF/pyy2qWwzdLjB+iZquGr8LuN4LnUoSEvKRwjSVYz3Q==

"@types/estree@^1.0.0", "@types/estree@1.0.6":
  version "1.0.6"
  resolved "https://registry.npmjs.org/@types/estree/-/estree-1.0.6.tgz"
  integrity sha512-AYnb1nQyY49te+VRAVgmzfcgjYS91mY5P0TKUDCLEM+gNnA+3T6rWITXRLYCpahpqSQbN5cE+gHpnPyXjHWxcw==

braces@^3.0.3:
  version "3.0.3"
  resolved "https://registry.npmjs.org/braces/-/braces-3.0.3.tgz"
  integrity sha512-yQbXgO/OSZVD2IsiLlro+7Hf6Q18EJrKSEsdoMzKePKXct3gvD8oLcOQdIzGupr5Fj+EDe8gO/lxc1BzfMpxvA==
  dependencies:
    fill-range "^7.1.1"

core-util-is@~1.0.0:
  version "1.0.3"
  resolved "https://registry.npmjs.org/core-util-is/-/core-util-is-1.0.3.tgz"
  integrity sha512-ZQBvi1DcpJ4GDqanjucZ2Hj3wEO5pZDS89BWbkcrvdxksJorwUDDZamX9ldFkp9aw2lmBDLgkObEA4DWNJ9FYQ==

esbuild@^0.21.3:
  version "0.21.5"
  resolved "https://registry.npmjs.org/esbuild/-/esbuild-0.21.5.tgz"
  integrity sha512-mg3OPMV4hXywwpoDxu3Qda5xCKQi+vCTZq8S9J/EpkhB2HzKXq4SNFZE3+NK93JYxc8VMSep+lOUSC/RVKaBqw==
  optionalDependencies:
    "@esbuild/aix-ppc64" "0.21.5"
    "@esbuild/android-arm" "0.21.5"
    "@esbuild/android-arm64" "0.21.5"
    "@esbuild/android-x64" "0.21.5"
    "@esbuild/darwin-arm64" "0.21.5"
    "@esbuild/darwin-x64" "0.21.5"
    "@esbuild/freebsd-arm64" "0.21.5"
    "@esbuild/freebsd-x64" "0.21.5"
    "@esbuild/linux-arm" "0.21.5"
    "@esbuild/linux-arm64" "0.21.5"
    "@esbuild/linux-ia32" "0.21.5"
    "@esbuild/linux-loong64" "0.21.5"
    "@esbuild/linux-mips64el" "0.21.5"
    "@esbuild/linux-ppc64" "0.21.5"
    "@esbuild/linux-riscv64" "0.21.5"
    "@esbuild/linux-s390x" "0.21.5"
    "@esbuild/linux-x64" "0.21.5"
    "@esbuild/netbsd-x64" "0.21.5"
    "@esbuild/openbsd-x64" "0.21.5"
    "@esbuild/sunos-x64" "0.21.5"
    "@esbuild/win32-arm64" "0.21.5"
    "@esbuild/win32-ia32" "0.21.5"
    "@esbuild/win32-x64" "0.21.5"

estree-walker@^2.0.2:
  version "2.0.2"
  resolved "https://registry.npmjs.org/estree-walker/-/estree-walker-2.0.2.tgz"
  integrity sha512-Rfkk/Mp/DL7JVje3u18FxFujQlTNR2q6QfMSMB7AvCBx91NGj/ba3kCfza0f6dVDbw7YlRf/nDrn7pQrCCyQ/w==

fill-range@^7.1.1:
  version "7.1.1"
  resolved "https://registry.npmjs.org/fill-range/-/fill-range-7.1.1.tgz"
  integrity sha512-YsGpe3WHLK8ZYi4tWDg2Jy3ebRz2rXowDxnld4bkQB00cc/1Zw9AWnC0i9ztDJitivtQvaI9KaLyKrc+hBW0yg==
  dependencies:
    to-regex-range "^5.0.1"

fsevents@~2.3.2, fsevents@~2.3.3:
  version "2.3.3"
  resolved "https://registry.npmjs.org/fsevents/-/fsevents-2.3.3.tgz"
  integrity sha512-5xoDfX+fL7faATnagmWPpbFtwh/R77WmMMqqHGS65C3vvB0YHrgF+B1YmZ3441tMj5n63k0212XNoJwzlhffQw==

glsl-token-functions@^1.0.1:
  version "1.0.1"
  resolved "https://registry.npmjs.org/glsl-token-functions/-/glsl-token-functions-1.0.1.tgz"
  integrity sha512-EigGhp1g+aUVeUNY7H1o5tL/bnwIB3/FcRREPr2E7Du+/UDXN24hDkaZ3e4aWHDjHr9lJ6YHXMISkwhUYg9UOg==

glsl-token-string@^1.0.1:
  version "1.0.1"
  resolved "https://registry.npmjs.org/glsl-token-string/-/glsl-token-string-1.0.1.tgz"
  integrity sha512-1mtQ47Uxd47wrovl+T6RshKGkRRCYWhnELmkEcUAPALWGTFe2XZpH3r45XAwL2B6v+l0KNsCnoaZCSnhzKEksg==

glsl-tokenizer@^2.1.5:
  version "2.1.5"
  resolved "https://registry.npmjs.org/glsl-tokenizer/-/glsl-tokenizer-2.1.5.tgz"
  integrity sha512-XSZEJ/i4dmz3Pmbnpsy3cKh7cotvFlBiZnDOwnj/05EwNp2XrhQ4XKJxT7/pDt4kp4YcpRSKz8eTV7S+mwV6MA==
  dependencies:
    through2 "^0.6.3"

inherits@~2.0.1:
  version "2.0.4"
  resolved "https://registry.npmjs.org/inherits/-/inherits-2.0.4.tgz"
  integrity sha512-k/vGaX4/Yla3WzyMCvTQOXYeIHvqOKtnqBduzTHpzpQZzAskKMhZ2K+EnBiSM9zGSoIFeMpXKxa4dYeZIQqewQ==

install@^0.13.0:
  version "0.13.0"
  resolved "https://registry.npmjs.org/install/-/install-0.13.0.tgz"
  integrity sha512-zDml/jzr2PKU9I8J/xyZBQn8rPCAY//UOYNmR01XwNwyfhEWObo2SWfSl1+0tm1u6PhxLwDnfsT/6jB7OUxqFA==

is-number@^7.0.0:
  version "7.0.0"
  resolved "https://registry.npmjs.org/is-number/-/is-number-7.0.0.tgz"
  integrity sha512-41Cifkg6e8TylSpdtTpeLVMqvSBEVzTttHvERD741+pnZ8ANv0004MRL43QKPDlK9cGvNp6NZWZUBlbGXYxxng==

isarray@0.0.1:
  version "0.0.1"
  resolved "https://registry.npmjs.org/isarray/-/isarray-0.0.1.tgz"
  integrity sha512-D2S+3GLxWH+uhrNEcoh/fnmYeP8E8/zHl644d/jdA0g2uyXvy3sb0qxotE+ne0LtccHknQzWwZEzhak7oJ0COQ==

lil-gui@^0.19.2:
  version "0.19.2"
  resolved "https://registry.npmjs.org/lil-gui/-/lil-gui-0.19.2.tgz"
  integrity sha512-nU8j4ND702ouGfQZoaTN4dfXxacvGOAVK0DtmZBVcUYUAeYQXLQAjAN50igMHiba3T5jZyKEjXZU+Ntm1Qs6ZQ==

micromatch@^4.0.7:
  version "4.0.8"
  resolved "https://registry.npmjs.org/micromatch/-/micromatch-4.0.8.tgz"
  integrity sha512-PXwfBhYu0hBCPw8Dn0E+WDYb7af3dSLVWKi3HGv84IdF4TyFoC0ysxFd0Goxw7nSv4T/PzEJQxsYsEiFCKo2BA==
  dependencies:
    braces "^3.0.3"
    picomatch "^2.3.1"

nanoid@^3.3.7:
  version "3.3.7"
  resolved "https://registry.npmjs.org/nanoid/-/nanoid-3.3.7.tgz"
  integrity sha512-eSRppjcPIatRIMC1U6UngP8XFcz8MQWGQdt1MTBQ7NaAmvXDfvNxbvWV3x2y6CdEUciCSsDHDQZbhYaB8QEo2g==

object-hash@^3.0.0:
  version "3.0.0"
  resolved "https://registry.npmjs.org/object-hash/-/object-hash-3.0.0.tgz"
  integrity sha512-RSn9F68PjH9HqtltsSnqYC1XXoWe9Bju5+213R98cNGttag9q9yAOTzdbsqvIa7aNm5WffBZFpWYr2aWrklWAw==

picocolors@^1.1.1:
  version "1.1.1"
  resolved "https://registry.npmjs.org/picocolors/-/picocolors-1.1.1.tgz"
  integrity sha512-xceH2snhtb5M9liqDsmEw56le376mTZkEX/jEb/RxNFyegNul7eNslCXP9FDj/Lcu0X8KEyMceP2ntpaHrDEVA==

picomatch@^2.3.1:
  version "2.3.1"
  resolved "https://registry.npmjs.org/picomatch/-/picomatch-2.3.1.tgz"
  integrity sha512-JU3teHTNjmE2VCGFzuY8EXzCDVwEqB2a8fsIvwaStHhAWJEeVd1o1QD80CU6+ZdEXXSLbSsuLwJjkCBWqRQUVA==

picomatch@^4.0.2:
  version "4.0.2"
  resolved "https://registry.npmjs.org/picomatch/-/picomatch-4.0.2.tgz"
  integrity sha512-M7BAV6Rlcy5u+m6oPhAPFgJTzAioX/6B0DxyvDlo9l8+T3nLKbrczg2WLUyzd45L8RqfUMyGPzekbMvX2Ldkwg==

postcss@^8.4.43:
  version "8.4.49"
  resolved "https://registry.npmjs.org/postcss/-/postcss-8.4.49.tgz"
  integrity sha512-OCVPnIObs4N29kxTjzLfUryOkvZEq+pf8jTF0lg8E7uETuWHA+v7j3c/xJmiqpX450191LlmZfUKkXxkTry7nA==
  dependencies:
    nanoid "^3.3.7"
    picocolors "^1.1.1"
    source-map-js "^1.2.1"

"readable-stream@>=1.0.33-1 <1.1.0-0":
  version "1.0.34"
  resolved "https://registry.npmjs.org/readable-stream/-/readable-stream-1.0.34.tgz"
  integrity sha512-ok1qVCJuRkNmvebYikljxJA/UEsKwLl2nI1OmaqAu4/UE+h0wKCHok4XkL/gvi39OacXvw59RJUOFUkDib2rHg==
  dependencies:
    core-util-is "~1.0.0"
    inherits "~2.0.1"
    isarray "0.0.1"
    string_decoder "~0.10.x"

rollup@^1.20.0||^2.0.0||^3.0.0||^4.0.0, rollup@^4.20.0:
  version "4.27.4"
  resolved "https://registry.npmjs.org/rollup/-/rollup-4.27.4.tgz"
  integrity sha512-RLKxqHEMjh/RGLsDxAEsaLO3mWgyoU6x9w6n1ikAzet4B3gI2/3yP6PWY2p9QzRTh6MfEIXB3MwsOY0Iv3vNrw==
  dependencies:
    "@types/estree" "1.0.6"
  optionalDependencies:
    "@rollup/rollup-android-arm-eabi" "4.27.4"
    "@rollup/rollup-android-arm64" "4.27.4"
    "@rollup/rollup-darwin-arm64" "4.27.4"
    "@rollup/rollup-darwin-x64" "4.27.4"
    "@rollup/rollup-freebsd-arm64" "4.27.4"
    "@rollup/rollup-freebsd-x64" "4.27.4"
    "@rollup/rollup-linux-arm-gnueabihf" "4.27.4"
    "@rollup/rollup-linux-arm-musleabihf" "4.27.4"
    "@rollup/rollup-linux-arm64-gnu" "4.27.4"
    "@rollup/rollup-linux-arm64-musl" "4.27.4"
    "@rollup/rollup-linux-powerpc64le-gnu" "4.27.4"
    "@rollup/rollup-linux-riscv64-gnu" "4.27.4"
    "@rollup/rollup-linux-s390x-gnu" "4.27.4"
    "@rollup/rollup-linux-x64-gnu" "4.27.4"
    "@rollup/rollup-linux-x64-musl" "4.27.4"
    "@rollup/rollup-win32-arm64-msvc" "4.27.4"
    "@rollup/rollup-win32-ia32-msvc" "4.27.4"
    "@rollup/rollup-win32-x64-msvc" "4.27.4"
    fsevents "~2.3.2"

source-map-js@^1.2.1:
  version "1.2.1"
  resolved "https://registry.npmjs.org/source-map-js/-/source-map-js-1.2.1.tgz"
  integrity sha512-UXWMKhLOwVKb728IUtQPXxfYU+usdybtUrK/8uGE8CQMvrhOpwvzDBwj0QhSL7MQc7vIsISBG8VQ8+IDQxpfQA==

string_decoder@~0.10.x:
  version "0.10.31"
  resolved "https://registry.npmjs.org/string_decoder/-/string_decoder-0.10.31.tgz"
  integrity sha512-ev2QzSzWPYmy9GuqfIVildA4OdcGLeFZQrq5ys6RtiuF+RQQiZWr8TZNyAcuVXyQRYfEO+MsoB/1BuQVhOJuoQ==

three-bvh-csg@0.0.16:
  version "0.0.16"
  resolved "https://registry.npmjs.org/three-bvh-csg/-/three-bvh-csg-0.0.16.tgz"
  integrity sha512-RgC5dY0hAKdfd1bmD3o2CDfmK9GTkvsA1ECzoqTMhSkjSc2zp1z4Wpa5+emLi/EosF5P6+aK2veTxTLZA9+Mhw==

three-custom-shader-material@^5.4.0:
  version "5.4.0"
  resolved "https://registry.npmjs.org/three-custom-shader-material/-/three-custom-shader-material-5.4.0.tgz"
  integrity sha512-Yn1lFlKOk3Vul3npEGAmbbFUZ5S2+yjPgM2XqJEZEYRSUUH2vk+WVYrtTB6Bcq15wa7hLUXAKoctAvbRmBmbYA==
  dependencies:
    glsl-token-functions "^1.0.1"
    glsl-token-string "^1.0.1"
    glsl-tokenizer "^2.1.5"
    object-hash "^3.0.0"

three-mesh-bvh@>=0.6.6:
  version "0.8.3"
  resolved "https://registry.npmjs.org/three-mesh-bvh/-/three-mesh-bvh-0.8.3.tgz"
  integrity sha512-4G5lBaF+g2auKX3P0yqx+MJC6oVt6sB5k+CchS6Ob0qvH0YIhuUk1eYr7ktsIpY+albCqE80/FVQGV190PmiAg==

three@^0.166.1, "three@>= 0.159.0", three@>=0.151.0, three@>=0.154:
  version "0.166.1"
  resolved "https://registry.npmjs.org/three/-/three-0.166.1.tgz"
  integrity sha512-LtuafkKHHzm61AQA1be2MAYIw1IjmhOUxhBa0prrLpEMWbV7ijvxCRHjSgHPGp2493wLBzwKV46tA9nivLEgKg==

through2@^0.6.3:
  version "0.6.5"
  resolved "https://registry.npmjs.org/through2/-/through2-0.6.5.tgz"
  integrity sha512-RkK/CCESdTKQZHdmKICijdKKsCRVHs5KsLZ6pACAmF/1GPUQhonHSXWNERctxEp7RmvjdNbZTL5z9V7nSCXKcg==
  dependencies:
    readable-stream ">=1.0.33-1 <1.1.0-0"
    xtend ">=4.0.0 <4.1.0-0"

to-regex-range@^5.0.1:
  version "5.0.1"
  resolved "https://registry.npmjs.org/to-regex-range/-/to-regex-range-5.0.1.tgz"
  integrity sha512-65P7iz6X5yEr1cwcgvQxbbIw7Uk3gOy5dIdtZ4rDveLqhrdJP+Li/Hx6tyK0NEb+2GCyneCMJiGqrADCSNk8sQ==
  dependencies:
    is-number "^7.0.0"

vite-plugin-glsl@^1.3.0:
  version "1.3.0"
  resolved "https://registry.npmjs.org/vite-plugin-glsl/-/vite-plugin-glsl-1.3.0.tgz"
  integrity sha512-SzEoLet9Bp5VSozjrhUiSc3xX1+u7rCTjXAsq4qWM3u8UjilI76A9ucX/T+CRGQCe25j50GSY+9mKSGUVPET1w==
  dependencies:
    "@rollup/pluginutils" "^5.1.0"

vite-plugin-restart@^0.4.1:
  version "0.4.1"
  resolved "https://registry.npmjs.org/vite-plugin-restart/-/vite-plugin-restart-0.4.1.tgz"
  integrity sha512-MYhDFaa2HMoSavr/2pShj6toKVFso+zqF6FAdWGC8JSIrsNig+4giy9EzoSySgGRJvsnbwZXKdjAvn8ag8rUkA==
  dependencies:
    micromatch "^4.0.7"

"vite@^2.9.0 || ^3.0.0 || ^4.0.0 || ^5.0.0", "vite@^3.0.0 || ^4.0.0 || ^5.0.0", vite@^5.3.3:
  version "5.4.11"
  resolved "https://registry.npmjs.org/vite/-/vite-5.4.11.tgz"
  integrity sha512-c7jFQRklXua0mTzneGW9QVyxFjUgwcihC4bXEtujIo2ouWCe1Ajt/amn2PCxYnhYfd5k09JX3SB7OYWFKYqj8Q==
  dependencies:
    esbuild "^0.21.3"
    postcss "^8.4.43"
    rollup "^4.20.0"
  optionalDependencies:
    fsevents "~2.3.3"

"xtend@>=4.0.0 <4.1.0-0":
  version "4.0.2"
  resolved "https://registry.npmjs.org/xtend/-/xtend-4.0.2.tgz"
  integrity sha512-LKYU1iAXJXUgAXn9URjiu+MWhyUXHsvfp7mcuYm9dSUKK0/CjtrUwFAxD82/mCWbtLsGjFIad0wIsod4zrTAEQ==
